
Microsoft Visual Studio Solution File, Format Version 12.00
Project("{2150E333-8FDC-42A3-9474-1A3956D46DE8}") = "src", "src", "{3DE92191-2ACA-4DAE-973E-4641C967ACE2}"
EndProject
Project("{2150E333-8FDC-42A3-9474-1A3956D46DE8}") = "Backend", "Backend", "{6F2449CB-97D4-46A2-80F5-803AE209C488}"
EndProject
Project("{2150E333-8FDC-42A3-9474-1A3956D46DE8}") = "Shared", "Shared", "{DCF58E06-12D0-481E-BBBA-D0E929F2CDFD}"
EndProject
Project("{FAE04EC0-301F-11D3-BF4B-00C04F79EFBC}") = "NquilinCode.API", "src\Backend\NquilinCode.API\NquilinCode.API.csproj", "{6F49D96D-60F0-4016-A484-469A82968460}"
EndProject
Project("{FAE04EC0-301F-11D3-BF4B-00C04F79EFBC}") = "NquilinCode.Application", "src\Backend\NquilinCode.Application\NquilinCode.Application.csproj", "{0319322E-F3F4-4B4F-84D8-D56BD706926C}"
EndProject
Project("{FAE04EC0-301F-11D3-BF4B-00C04F79EFBC}") = "NquilinCode.Infrastructure", "src\Backend\NquilinCode.Infrastructure\NquilinCode.Infrastructure.csproj", "{DD3A0B66-C4A8-4F8D-ACE9-9B17BE256753}"
EndProject
Project("{FAE04EC0-301F-11D3-BF4B-00C04F79EFBC}") = "NquilinCode.Domain", "src\Backend\NquilinCode.Domain\NquilinCode.Domain.csproj", "{6E26BA33-7E71-4D95-9FCE-515483261EBA}"
EndProject
Project("{FAE04EC0-301F-11D3-BF4B-00C04F79EFBC}") = "NquilinCode.Exceptions", "src\Shared\NquilinCode.Exceptions\NquilinCode.Exceptions.csproj", "{A9A15056-AAB1-4FA9-A74A-9E9D7A70858E}"
EndProject
Project("{FAE04EC0-301F-11D3-BF4B-00C04F79EFBC}") = "NquilinCode.Communication", "src\Shared\NquilinCode.Communication\NquilinCode.Communication.csproj", "{2150FF3A-82F1-4100-AC5B-27833BB9EE6F}"
EndProject
Project("{2150E333-8FDC-42A3-9474-1A3956D46DE8}") = "Tests", "Tests", "{8973B6C3-7AF8-43DD-B804-A9F32EBDBCF4}"
EndProject
Project("{FAE04EC0-301F-11D3-BF4B-00C04F79EFBC}") = "Validators.Test", "tests\Validators.Test\Validators.Test.csproj", "{FEDB3F4D-E3D5-4EA0-A4D6-B53FFFAF1845}"
EndProject
Project("{FAE04EC0-301F-11D3-BF4B-00C04F79EFBC}") = "CommonTestUtilities", "tests\CommonTestUtilities\CommonTestUtilities.csproj", "{60832872-651F-404E-9258-FD30683BE934}"
EndProject
Project("{FAE04EC0-301F-11D3-BF4B-00C04F79EFBC}") = "UseCase.Test", "tests\UseCase.Test\UseCase.Test.csproj", "{E7161538-6353-436E-92C0-0D849A6988EB}"
EndProject
Project("{FAE04EC0-301F-11D3-BF4B-00C04F79EFBC}") = "WebApi.Test", "tests\WebApi.Test\WebApi.Test.csproj", "{E428248D-6C11-45DC-BFA6-3D2CFB0AB187}"
EndProject
Project("{FAE04EC0-301F-11D3-BF4B-00C04F79EFBC}") = "NquilinCode.Kernel", "src\Shared\NquilinCode.Kernel\NquilinCode.Kernel.csproj", "{155DB054-4CE1-4B25-BCA2-39A84528E340}"
EndProject
Global
	GlobalSection(SolutionConfigurationPlatforms) = preSolution
		Debug|Any CPU = Debug|Any CPU
		Release|Any CPU = Release|Any CPU
	EndGlobalSection
	GlobalSection(NestedProjects) = preSolution
		{6F2449CB-97D4-46A2-80F5-803AE209C488} = {3DE92191-2ACA-4DAE-973E-4641C967ACE2}
		{DCF58E06-12D0-481E-BBBA-D0E929F2CDFD} = {3DE92191-2ACA-4DAE-973E-4641C967ACE2}
		{6F49D96D-60F0-4016-A484-469A82968460} = {6F2449CB-97D4-46A2-80F5-803AE209C488}
		{0319322E-F3F4-4B4F-84D8-D56BD706926C} = {6F2449CB-97D4-46A2-80F5-803AE209C488}
		{DD3A0B66-C4A8-4F8D-ACE9-9B17BE256753} = {6F2449CB-97D4-46A2-80F5-803AE209C488}
		{6E26BA33-7E71-4D95-9FCE-515483261EBA} = {6F2449CB-97D4-46A2-80F5-803AE209C488}
		{A9A15056-AAB1-4FA9-A74A-9E9D7A70858E} = {DCF58E06-12D0-481E-BBBA-D0E929F2CDFD}
		{2150FF3A-82F1-4100-AC5B-27833BB9EE6F} = {DCF58E06-12D0-481E-BBBA-D0E929F2CDFD}
		{FEDB3F4D-E3D5-4EA0-A4D6-B53FFFAF1845} = {8973B6C3-7AF8-43DD-B804-A9F32EBDBCF4}
		{60832872-651F-404E-9258-FD30683BE934} = {8973B6C3-7AF8-43DD-B804-A9F32EBDBCF4}
		{E7161538-6353-436E-92C0-0D849A6988EB} = {8973B6C3-7AF8-43DD-B804-A9F32EBDBCF4}
		{E428248D-6C11-45DC-BFA6-3D2CFB0AB187} = {8973B6C3-7AF8-43DD-B804-A9F32EBDBCF4}
		{155DB054-4CE1-4B25-BCA2-39A84528E340} = {DCF58E06-12D0-481E-BBBA-D0E929F2CDFD}
	EndGlobalSection
	GlobalSection(ProjectConfigurationPlatforms) = postSolution
		{6F49D96D-60F0-4016-A484-469A82968460}.Debug|Any CPU.ActiveCfg = Debug|Any CPU
		{6F49D96D-60F0-4016-A484-469A82968460}.Debug|Any CPU.Build.0 = Debug|Any CPU
		{6F49D96D-60F0-4016-A484-469A82968460}.Release|Any CPU.ActiveCfg = Release|Any CPU
		{6F49D96D-60F0-4016-A484-469A82968460}.Release|Any CPU.Build.0 = Release|Any CPU
		{0319322E-F3F4-4B4F-84D8-D56BD706926C}.Debug|Any CPU.ActiveCfg = Debug|Any CPU
		{0319322E-F3F4-4B4F-84D8-D56BD706926C}.Debug|Any CPU.Build.0 = Debug|Any CPU
		{0319322E-F3F4-4B4F-84D8-D56BD706926C}.Release|Any CPU.ActiveCfg = Release|Any CPU
		{0319322E-F3F4-4B4F-84D8-D56BD706926C}.Release|Any CPU.Build.0 = Release|Any CPU
		{DD3A0B66-C4A8-4F8D-ACE9-9B17BE256753}.Debug|Any CPU.ActiveCfg = Debug|Any CPU
		{DD3A0B66-C4A8-4F8D-ACE9-9B17BE256753}.Debug|Any CPU.Build.0 = Debug|Any CPU
		{DD3A0B66-C4A8-4F8D-ACE9-9B17BE256753}.Release|Any CPU.ActiveCfg = Release|Any CPU
		{DD3A0B66-C4A8-4F8D-ACE9-9B17BE256753}.Release|Any CPU.Build.0 = Release|Any CPU
		{6E26BA33-7E71-4D95-9FCE-515483261EBA}.Debug|Any CPU.ActiveCfg = Debug|Any CPU
		{6E26BA33-7E71-4D95-9FCE-515483261EBA}.Debug|Any CPU.Build.0 = Debug|Any CPU
		{6E26BA33-7E71-4D95-9FCE-515483261EBA}.Release|Any CPU.ActiveCfg = Release|Any CPU
		{6E26BA33-7E71-4D95-9FCE-515483261EBA}.Release|Any CPU.Build.0 = Release|Any CPU
		{A9A15056-AAB1-4FA9-A74A-9E9D7A70858E}.Debug|Any CPU.ActiveCfg = Debug|Any CPU
		{A9A15056-AAB1-4FA9-A74A-9E9D7A70858E}.Debug|Any CPU.Build.0 = Debug|Any CPU
		{A9A15056-AAB1-4FA9-A74A-9E9D7A70858E}.Release|Any CPU.ActiveCfg = Release|Any CPU
		{A9A15056-AAB1-4FA9-A74A-9E9D7A70858E}.Release|Any CPU.Build.0 = Release|Any CPU
		{2150FF3A-82F1-4100-AC5B-27833BB9EE6F}.Debug|Any CPU.ActiveCfg = Debug|Any CPU
		{2150FF3A-82F1-4100-AC5B-27833BB9EE6F}.Debug|Any CPU.Build.0 = Debug|Any CPU
		{2150FF3A-82F1-4100-AC5B-27833BB9EE6F}.Release|Any CPU.ActiveCfg = Release|Any CPU
		{2150FF3A-82F1-4100-AC5B-27833BB9EE6F}.Release|Any CPU.Build.0 = Release|Any CPU
		{FEDB3F4D-E3D5-4EA0-A4D6-B53FFFAF1845}.Debug|Any CPU.ActiveCfg = Debug|Any CPU
		{FEDB3F4D-E3D5-4EA0-A4D6-B53FFFAF1845}.Debug|Any CPU.Build.0 = Debug|Any CPU
		{FEDB3F4D-E3D5-4EA0-A4D6-B53FFFAF1845}.Release|Any CPU.ActiveCfg = Release|Any CPU
		{FEDB3F4D-E3D5-4EA0-A4D6-B53FFFAF1845}.Release|Any CPU.Build.0 = Release|Any CPU
		{60832872-651F-404E-9258-FD30683BE934}.Debug|Any CPU.ActiveCfg = Debug|Any CPU
		{60832872-651F-404E-9258-FD30683BE934}.Debug|Any CPU.Build.0 = Debug|Any CPU
		{60832872-651F-404E-9258-FD30683BE934}.Release|Any CPU.ActiveCfg = Release|Any CPU
		{60832872-651F-404E-9258-FD30683BE934}.Release|Any CPU.Build.0 = Release|Any CPU
		{E7161538-6353-436E-92C0-0D849A6988EB}.Debug|Any CPU.ActiveCfg = Debug|Any CPU
		{E7161538-6353-436E-92C0-0D849A6988EB}.Debug|Any CPU.Build.0 = Debug|Any CPU
		{E7161538-6353-436E-92C0-0D849A6988EB}.Release|Any CPU.ActiveCfg = Release|Any CPU
		{E7161538-6353-436E-92C0-0D849A6988EB}.Release|Any CPU.Build.0 = Release|Any CPU
		{E428248D-6C11-45DC-BFA6-3D2CFB0AB187}.Debug|Any CPU.ActiveCfg = Debug|Any CPU
		{E428248D-6C11-45DC-BFA6-3D2CFB0AB187}.Debug|Any CPU.Build.0 = Debug|Any CPU
		{E428248D-6C11-45DC-BFA6-3D2CFB0AB187}.Release|Any CPU.ActiveCfg = Release|Any CPU
		{E428248D-6C11-45DC-BFA6-3D2CFB0AB187}.Release|Any CPU.Build.0 = Release|Any CPU
		{155DB054-4CE1-4B25-BCA2-39A84528E340}.Debug|Any CPU.ActiveCfg = Debug|Any CPU
		{155DB054-4CE1-4B25-BCA2-39A84528E340}.Debug|Any CPU.Build.0 = Debug|Any CPU
		{155DB054-4CE1-4B25-BCA2-39A84528E340}.Release|Any CPU.ActiveCfg = Release|Any CPU
		{155DB054-4CE1-4B25-BCA2-39A84528E340}.Release|Any CPU.Build.0 = Release|Any CPU
	EndGlobalSection
EndGlobal
